// !$*UTF8*$!
{
	archiveVersion = 1;
	classes = {
	};
	objectVersion = 56;
	objects = {

/* Begin PBXBuildFile section */
		2DBB83F1291D3EFE0062018C /* AppDelegate.swift in Sources */ = {isa = PBXBuildFile; fileRef = 2DBB83F0291D3EFE0062018C /* AppDelegate.swift */; };
		2DBB83F3291D3EFE0062018C /* SceneDelegate.swift in Sources */ = {isa = PBXBuildFile; fileRef = 2DBB83F2291D3EFE0062018C /* SceneDelegate.swift */; };
		2DBB83F5291D3EFE0062018C /* PokedexController.swift in Sources */ = {isa = PBXBuildFile; fileRef = 2DBB83F4291D3EFE0062018C /* PokedexController.swift */; };
		2DBB83F8291D3EFE0062018C /* Main.storyboard in Resources */ = {isa = PBXBuildFile; fileRef = 2DBB83F6291D3EFE0062018C /* Main.storyboard */; };
		2DBB83FA291D3F000062018C /* Assets.xcassets in Resources */ = {isa = PBXBuildFile; fileRef = 2DBB83F9291D3F000062018C /* Assets.xcassets */; };
		2DBB83FD291D3F000062018C /* LaunchScreen.storyboard in Resources */ = {isa = PBXBuildFile; fileRef = 2DBB83FB291D3F000062018C /* LaunchScreen.storyboard */; };
		2DBB8408291D3F000062018C /* PokemonAppTests.swift in Sources */ = {isa = PBXBuildFile; fileRef = 2DBB8407291D3F000062018C /* PokemonAppTests.swift */; };
		2DBB8412291D3F000062018C /* PokemonAppUITests.swift in Sources */ = {isa = PBXBuildFile; fileRef = 2DBB8411291D3F000062018C /* PokemonAppUITests.swift */; };
		2DBB8414291D3F000062018C /* PokemonAppUITestsLaunchTests.swift in Sources */ = {isa = PBXBuildFile; fileRef = 2DBB8413291D3F000062018C /* PokemonAppUITestsLaunchTests.swift */; };
		2DBB842A291D43990062018C /* ServiceManagerProtocol.swift in Sources */ = {isa = PBXBuildFile; fileRef = 2DBB8429291D43990062018C /* ServiceManagerProtocol.swift */; };
		2DBB842C291D43C00062018C /* ServiceManager.swift in Sources */ = {isa = PBXBuildFile; fileRef = 2DBB842B291D43C00062018C /* ServiceManager.swift */; };
		2DBB842F291D4F430062018C /* PokedexOutput.swift in Sources */ = {isa = PBXBuildFile; fileRef = 2DBB842E291D4F430062018C /* PokedexOutput.swift */; };
		2DBB8431291D50290062018C /* PokedexViewModel.swift in Sources */ = {isa = PBXBuildFile; fileRef = 2DBB8430291D50290062018C /* PokedexViewModel.swift */; };
/* End PBXBuildFile section */

/* Begin PBXContainerItemProxy section */
		2DBB8404291D3F000062018C /* PBXContainerItemProxy */ = {
			isa = PBXContainerItemProxy;
			containerPortal = 2DBB83E5291D3EFE0062018C /* Project object */;
			proxyType = 1;
			remoteGlobalIDString = 2DBB83EC291D3EFE0062018C;
			remoteInfo = PokemonApp;
		};
		2DBB840E291D3F000062018C /* PBXContainerItemProxy */ = {
			isa = PBXContainerItemProxy;
			containerPortal = 2DBB83E5291D3EFE0062018C /* Project object */;
			proxyType = 1;
			remoteGlobalIDString = 2DBB83EC291D3EFE0062018C;
			remoteInfo = PokemonApp;
		};
/* End PBXContainerItemProxy section */

/* Begin PBXFileReference section */
		2DBB83ED291D3EFE0062018C /* PokemonApp.app */ = {isa = PBXFileReference; explicitFileType = wrapper.application; includeInIndex = 0; path = PokemonApp.app; sourceTree = BUILT_PRODUCTS_DIR; };
		2DBB83F0291D3EFE0062018C /* AppDelegate.swift */ = {isa = PBXFileReference; lastKnownFileType = sourcecode.swift; path = AppDelegate.swift; sourceTree = "<group>"; };
		2DBB83F2291D3EFE0062018C /* SceneDelegate.swift */ = {isa = PBXFileReference; lastKnownFileType = sourcecode.swift; path = SceneDelegate.swift; sourceTree = "<group>"; };
		2DBB83F4291D3EFE0062018C /* PokedexController.swift */ = {isa = PBXFileReference; lastKnownFileType = sourcecode.swift; path = PokedexController.swift; sourceTree = "<group>"; };
		2DBB83F7291D3EFE0062018C /* Base */ = {isa = PBXFileReference; lastKnownFileType = file.storyboard; name = Base; path = Base.lproj/Main.storyboard; sourceTree = "<group>"; };
		2DBB83F9291D3F000062018C /* Assets.xcassets */ = {isa = PBXFileReference; lastKnownFileType = folder.assetcatalog; path = Assets.xcassets; sourceTree = "<group>"; };
		2DBB83FC291D3F000062018C /* Base */ = {isa = PBXFileReference; lastKnownFileType = file.storyboard; name = Base; path = Base.lproj/LaunchScreen.storyboard; sourceTree = "<group>"; };
		2DBB83FE291D3F000062018C /* Info.plist */ = {isa = PBXFileReference; lastKnownFileType = text.plist.xml; path = Info.plist; sourceTree = "<group>"; };
		2DBB8403291D3F000062018C /* PokemonAppTests.xctest */ = {isa = PBXFileReference; explicitFileType = wrapper.cfbundle; includeInIndex = 0; path = PokemonAppTests.xctest; sourceTree = BUILT_PRODUCTS_DIR; };
		2DBB8407291D3F000062018C /* PokemonAppTests.swift */ = {isa = PBXFileReference; lastKnownFileType = sourcecode.swift; path = PokemonAppTests.swift; sourceTree = "<group>"; };
		2DBB840D291D3F000062018C /* PokemonAppUITests.xctest */ = {isa = PBXFileReference; explicitFileType = wrapper.cfbundle; includeInIndex = 0; path = PokemonAppUITests.xctest; sourceTree = BUILT_PRODUCTS_DIR; };
		2DBB8411291D3F000062018C /* PokemonAppUITests.swift */ = {isa = PBXFileReference; lastKnownFileType = sourcecode.swift; path = PokemonAppUITests.swift; sourceTree = "<group>"; };
		2DBB8413291D3F000062018C /* PokemonAppUITestsLaunchTests.swift */ = {isa = PBXFileReference; lastKnownFileType = sourcecode.swift; path = PokemonAppUITestsLaunchTests.swift; sourceTree = "<group>"; };
		2DBB8429291D43990062018C /* ServiceManagerProtocol.swift */ = {isa = PBXFileReference; lastKnownFileType = sourcecode.swift; path = ServiceManagerProtocol.swift; sourceTree = "<group>"; };
		2DBB842B291D43C00062018C /* ServiceManager.swift */ = {isa = PBXFileReference; lastKnownFileType = sourcecode.swift; path = ServiceManager.swift; sourceTree = "<group>"; };
		2DBB842E291D4F430062018C /* PokedexOutput.swift */ = {isa = PBXFileReference; lastKnownFileType = sourcecode.swift; path = PokedexOutput.swift; sourceTree = "<group>"; };
		2DBB8430291D50290062018C /* PokedexViewModel.swift */ = {isa = PBXFileReference; lastKnownFileType = sourcecode.swift; path = PokedexViewModel.swift; sourceTree = "<group>"; };
/* End PBXFileReference section */

/* Begin PBXFrameworksBuildPhase section */
		2DBB83EA291D3EFE0062018C /* Frameworks */ = {
			isa = PBXFrameworksBuildPhase;
			buildActionMask = 2147483647;
			files = (
			);
			runOnlyForDeploymentPostprocessing = 0;
		};
		2DBB8400291D3F000062018C /* Frameworks */ = {
			isa = PBXFrameworksBuildPhase;
			buildActionMask = 2147483647;
			files = (
			);
			runOnlyForDeploymentPostprocessing = 0;
		};
		2DBB840A291D3F000062018C /* Frameworks */ = {
			isa = PBXFrameworksBuildPhase;
			buildActionMask = 2147483647;
			files = (
			);
			runOnlyForDeploymentPostprocessing = 0;
		};
/* End PBXFrameworksBuildPhase section */

/* Begin PBXGroup section */
		2DBB83E4291D3EFE0062018C = {
			isa = PBXGroup;
			children = (
				2DBB83EF291D3EFE0062018C /* PokemonApp */,
				2DBB8406291D3F000062018C /* PokemonAppTests */,
				2DBB8410291D3F000062018C /* PokemonAppUITests */,
				2DBB83EE291D3EFE0062018C /* Products */,
			);
			sourceTree = "<group>";
		};
		2DBB83EE291D3EFE0062018C /* Products */ = {
			isa = PBXGroup;
			children = (
				2DBB83ED291D3EFE0062018C /* PokemonApp.app */,
				2DBB8403291D3F000062018C /* PokemonAppTests.xctest */,
				2DBB840D291D3F000062018C /* PokemonAppUITests.xctest */,
			);
			name = Products;
			sourceTree = "<group>";
		};
		2DBB83EF291D3EFE0062018C /* PokemonApp */ = {
			isa = PBXGroup;
			children = (
				2DBB8421291D42870062018C /* App Delegation */,
				2DBB8423291D42DF0062018C /* Support Files */,
				2DBB8422291D42C30062018C /* Public */,
				2DBB8420291D425F0062018C /* API Services */,
				2DBB83FE291D3F000062018C /* Info.plist */,
			);
			path = PokemonApp;
			sourceTree = "<group>";
		};
		2DBB8406291D3F000062018C /* PokemonAppTests */ = {
			isa = PBXGroup;
			children = (
				2DBB8407291D3F000062018C /* PokemonAppTests.swift */,
			);
			path = PokemonAppTests;
			sourceTree = "<group>";
		};
		2DBB8410291D3F000062018C /* PokemonAppUITests */ = {
			isa = PBXGroup;
			children = (
				2DBB8411291D3F000062018C /* PokemonAppUITests.swift */,
				2DBB8413291D3F000062018C /* PokemonAppUITestsLaunchTests.swift */,
			);
			path = PokemonAppUITests;
			sourceTree = "<group>";
		};
		2DBB8420291D425F0062018C /* API Services */ = {
			isa = PBXGroup;
			children = (
				2DBB842D291D4F330062018C /* Outputs */,
				2DBB8428291D43800062018C /* Services */,
			);
			path = "API Services";
			sourceTree = "<group>";
		};
		2DBB8421291D42870062018C /* App Delegation */ = {
			isa = PBXGroup;
			children = (
				2DBB83F0291D3EFE0062018C /* AppDelegate.swift */,
				2DBB83F2291D3EFE0062018C /* SceneDelegate.swift */,
			);
			path = "App Delegation";
			sourceTree = "<group>";
		};
		2DBB8422291D42C30062018C /* Public */ = {
			isa = PBXGroup;
			children = (
				2DBB8424291D43170062018C /* Pokedex */,
			);
			path = Public;
			sourceTree = "<group>";
		};
		2DBB8423291D42DF0062018C /* Support Files */ = {
			isa = PBXGroup;
			children = (
				2DBB83F6291D3EFE0062018C /* Main.storyboard */,
				2DBB83F9291D3F000062018C /* Assets.xcassets */,
				2DBB83FB291D3F000062018C /* LaunchScreen.storyboard */,
			);
			path = "Support Files";
			sourceTree = "<group>";
		};
		2DBB8424291D43170062018C /* Pokedex */ = {
			isa = PBXGroup;
			children = (
				2DBB8427291D43320062018C /* Controller */,
				2DBB8426291D432B0062018C /* ViewModel */,
				2DBB8425291D43250062018C /* Model */,
			);
			path = Pokedex;
			sourceTree = "<group>";
		};
		2DBB8425291D43250062018C /* Model */ = {
			isa = PBXGroup;
			children = (
			);
			path = Model;
			sourceTree = "<group>";
		};
		2DBB8426291D432B0062018C /* ViewModel */ = {
			isa = PBXGroup;
			children = (
				2DBB8430291D50290062018C /* PokedexViewModel.swift */,
			);
			path = ViewModel;
			sourceTree = "<group>";
		};
		2DBB8427291D43320062018C /* Controller */ = {
			isa = PBXGroup;
			children = (
				2DBB83F4291D3EFE0062018C /* PokedexController.swift */,
			);
			path = Controller;
			sourceTree = "<group>";
		};
		2DBB8428291D43800062018C /* Services */ = {
			isa = PBXGroup;
			children = (
				2DBB8429291D43990062018C /* ServiceManagerProtocol.swift */,
				2DBB842B291D43C00062018C /* ServiceManager.swift */,
			);
			path = Services;
			sourceTree = "<group>";
		};
		2DBB842D291D4F330062018C /* Outputs */ = {
			isa = PBXGroup;
			children = (
				2DBB842E291D4F430062018C /* PokedexOutput.swift */,
			);
			path = Outputs;
			sourceTree = "<group>";
		};
/* End PBXGroup section */

/* Begin PBXNativeTarget section */
		2DBB83EC291D3EFE0062018C /* PokemonApp */ = {
			isa = PBXNativeTarget;
			buildConfigurationList = 2DBB8417291D3F000062018C /* Build configuration list for PBXNativeTarget "PokemonApp" */;
			buildPhases = (
				2DBB83E9291D3EFE0062018C /* Sources */,
				2DBB83EA291D3EFE0062018C /* Frameworks */,
				2DBB83EB291D3EFE0062018C /* Resources */,
			);
			buildRules = (
			);
			dependencies = (
			);
			name = PokemonApp;
			productName = PokemonApp;
			productReference = 2DBB83ED291D3EFE0062018C /* PokemonApp.app */;
			productType = "com.apple.product-type.application";
		};
		2DBB8402291D3F000062018C /* PokemonAppTests */ = {
			isa = PBXNativeTarget;
			buildConfigurationList = 2DBB841A291D3F000062018C /* Build configuration list for PBXNativeTarget "PokemonAppTests" */;
			buildPhases = (
				2DBB83FF291D3F000062018C /* Sources */,
				2DBB8400291D3F000062018C /* Frameworks */,
				2DBB8401291D3F000062018C /* Resources */,
			);
			buildRules = (
			);
			dependencies = (
				2DBB8405291D3F000062018C /* PBXTargetDependency */,
			);
			name = PokemonAppTests;
			productName = PokemonAppTests;
			productReference = 2DBB8403291D3F000062018C /* PokemonAppTests.xctest */;
			productType = "com.apple.product-type.bundle.unit-test";
		};
		2DBB840C291D3F000062018C /* PokemonAppUITests */ = {
			isa = PBXNativeTarget;
			buildConfigurationList = 2DBB841D291D3F000062018C /* Build configuration list for PBXNativeTarget "PokemonAppUITests" */;
			buildPhases = (
				2DBB8409291D3F000062018C /* Sources */,
				2DBB840A291D3F000062018C /* Frameworks */,
				2DBB840B291D3F000062018C /* Resources */,
			);
			buildRules = (
			);
			dependencies = (
				2DBB840F291D3F000062018C /* PBXTargetDependency */,
			);
			name = PokemonAppUITests;
			productName = PokemonAppUITests;
			productReference = 2DBB840D291D3F000062018C /* PokemonAppUITests.xctest */;
			productType = "com.apple.product-type.bundle.ui-testing";
		};
/* End PBXNativeTarget section */

/* Begin PBXProject section */
		2DBB83E5291D3EFE0062018C /* Project object */ = {
			isa = PBXProject;
			attributes = {
				BuildIndependentTargetsInParallel = 1;
				LastSwiftUpdateCheck = 1400;
				LastUpgradeCheck = 1400;
				TargetAttributes = {
					2DBB83EC291D3EFE0062018C = {
						CreatedOnToolsVersion = 14.0;
					};
					2DBB8402291D3F000062018C = {
						CreatedOnToolsVersion = 14.0;
						TestTargetID = 2DBB83EC291D3EFE0062018C;
					};
					2DBB840C291D3F000062018C = {
						CreatedOnToolsVersion = 14.0;
						TestTargetID = 2DBB83EC291D3EFE0062018C;
					};
				};
			};
			buildConfigurationList = 2DBB83E8291D3EFE0062018C /* Build configuration list for PBXProject "PokemonApp" */;
			compatibilityVersion = "Xcode 14.0";
			developmentRegion = en;
			hasScannedForEncodings = 0;
			knownRegions = (
				en,
				Base,
			);
			mainGroup = 2DBB83E4291D3EFE0062018C;
			productRefGroup = 2DBB83EE291D3EFE0062018C /* Products */;
			projectDirPath = "";
			projectRoot = "";
			targets = (
				2DBB83EC291D3EFE0062018C /* PokemonApp */,
				2DBB8402291D3F000062018C /* PokemonAppTests */,
				2DBB840C291D3F000062018C /* PokemonAppUITests */,
			);
		};
/* End PBXProject section */

/* Begin PBXResourcesBuildPhase section */
		2DBB83EB291D3EFE0062018C /* Resources */ = {
			isa = PBXResourcesBuildPhase;
			buildActionMask = 2147483647;
			files = (
				2DBB83FD291D3F000062018C /* LaunchScreen.storyboard in Resources */,
				2DBB83FA291D3F000062018C /* Assets.xcassets in Resources */,
				2DBB83F8291D3EFE0062018C /* Main.storyboard in Resources */,
			);
			runOnlyForDeploymentPostprocessing = 0;
		};
		2DBB8401291D3F000062018C /* Resources */ = {
			isa = PBXResourcesBuildPhase;
			buildActionMask = 2147483647;
			files = (
			);
			runOnlyForDeploymentPostprocessing = 0;
		};
		2DBB840B291D3F000062018C /* Resources */ = {
			isa = PBXResourcesBuildPhase;
			buildActionMask = 2147483647;
			files = (
			);
			runOnlyForDeploymentPostprocessing = 0;
		};
/* End PBXResourcesBuildPhase section */

/* Begin PBXSourcesBuildPhase section */
		2DBB83E9291D3EFE0062018C /* Sources */ = {
			isa = PBXSourcesBuildPhase;
			buildActionMask = 2147483647;
			files = (
				2DBB83F5291D3EFE0062018C /* PokedexController.swift in Sources */,
				2DBB842A291D43990062018C /* ServiceManagerProtocol.swift in Sources */,
				2DBB83F1291D3EFE0062018C /* AppDelegate.swift in Sources */,
				2DBB83F3291D3EFE0062018C /* SceneDelegate.swift in Sources */,
				2DBB842C291D43C00062018C /* ServiceManager.swift in Sources */,
				2DBB842F291D4F430062018C /* PokedexOutput.swift in Sources */,
				2DBB8431291D50290062018C /* PokedexViewModel.swift in Sources */,
			);
			runOnlyForDeploymentPostprocessing = 0;
		};
		2DBB83FF291D3F000062018C /* Sources */ = {
			isa = PBXSourcesBuildPhase;
			buildActionMask = 2147483647;
			files = (
				2DBB8408291D3F000062018C /* PokemonAppTests.swift in Sources */,
			);
			runOnlyForDeploymentPostprocessing = 0;
		};
		2DBB8409291D3F000062018C /* Sources */ = {
			isa = PBXSourcesBuildPhase;
			buildActionMask = 2147483647;
			files = (
				2DBB8414291D3F000062018C /* PokemonAppUITestsLaunchTests.swift in Sources */,
				2DBB8412291D3F000062018C /* PokemonAppUITests.swift in Sources */,
			);
			runOnlyForDeploymentPostprocessing = 0;
		};
/* End PBXSourcesBuildPhase section */

/* Begin PBXTargetDependency section */
		2DBB8405291D3F000062018C /* PBXTargetDependency */ = {
			isa = PBXTargetDependency;
			target = 2DBB83EC291D3EFE0062018C /* PokemonApp */;
			targetProxy = 2DBB8404291D3F000062018C /* PBXContainerItemProxy */;
		};
		2DBB840F291D3F000062018C /* PBXTargetDependency */ = {
			isa = PBXTargetDependency;
			target = 2DBB83EC291D3EFE0062018C /* PokemonApp */;
			targetProxy = 2DBB840E291D3F000062018C /* PBXContainerItemProxy */;
		};
/* End PBXTargetDependency section */

/* Begin PBXVariantGroup section */
		2DBB83F6291D3EFE0062018C /* Main.storyboard */ = {
			isa = PBXVariantGroup;
			children = (
				2DBB83F7291D3EFE0062018C /* Base */,
			);
			name = Main.storyboard;
			sourceTree = "<group>";
		};
		2DBB83FB291D3F000062018C /* LaunchScreen.storyboard */ = {
			isa = PBXVariantGroup;
			children = (
				2DBB83FC291D3F000062018C /* Base */,
			);
			name = LaunchScreen.storyboard;
			sourceTree = "<group>";
		};
/* End PBXVariantGroup section */

/* Begin XCBuildConfiguration section */
		2DBB8415291D3F000062018C /* Debug */ = {
			isa = XCBuildConfiguration;
			buildSettings = {
				ALWAYS_SEARCH_USER_PATHS = NO;
				CLANG_ANALYZER_NONNULL = YES;
				CLANG_ANALYZER_NUMBER_OBJECT_CONVERSION = YES_AGGRESSIVE;
				CLANG_CXX_LANGUAGE_STANDARD = "gnu++20";
				CLANG_ENABLE_MODULES = YES;
				CLANG_ENABLE_OBJC_ARC = YES;
				CLANG_ENABLE_OBJC_WEAK = YES;
				CLANG_WARN_BLOCK_CAPTURE_AUTORELEASING = YES;
				CLANG_WARN_BOOL_CONVERSION = YES;
				CLANG_WARN_COMMA = YES;
				CLANG_WARN_CONSTANT_CONVERSION = YES;
				CLANG_WARN_DEPRECATED_OBJC_IMPLEMENTATIONS = YES;
				CLANG_WARN_DIRECT_OBJC_ISA_USAGE = YES_ERROR;
				CLANG_WARN_DOCUMENTATION_COMMENTS = YES;
				CLANG_WARN_EMPTY_BODY = YES;
				CLANG_WARN_ENUM_CONVERSION = YES;
				CLANG_WARN_INFINITE_RECURSION = YES;
				CLANG_WARN_INT_CONVERSION = YES;
				CLANG_WARN_NON_LITERAL_NULL_CONVERSION = YES;
				CLANG_WARN_OBJC_IMPLICIT_RETAIN_SELF = YES;
				CLANG_WARN_OBJC_LITERAL_CONVERSION = YES;
				CLANG_WARN_OBJC_ROOT_CLASS = YES_ERROR;
				CLANG_WARN_QUOTED_INCLUDE_IN_FRAMEWORK_HEADER = YES;
				CLANG_WARN_RANGE_LOOP_ANALYSIS = YES;
				CLANG_WARN_STRICT_PROTOTYPES = YES;
				CLANG_WARN_SUSPICIOUS_MOVE = YES;
				CLANG_WARN_UNGUARDED_AVAILABILITY = YES_AGGRESSIVE;
				CLANG_WARN_UNREACHABLE_CODE = YES;
				CLANG_WARN__DUPLICATE_METHOD_MATCH = YES;
				COPY_PHASE_STRIP = NO;
				DEBUG_INFORMATION_FORMAT = dwarf;
				ENABLE_STRICT_OBJC_MSGSEND = YES;
				ENABLE_TESTABILITY = YES;
				GCC_C_LANGUAGE_STANDARD = gnu11;
				GCC_DYNAMIC_NO_PIC = NO;
				GCC_NO_COMMON_BLOCKS = YES;
				GCC_OPTIMIZATION_LEVEL = 0;
				GCC_PREPROCESSOR_DEFINITIONS = (
					"DEBUG=1",
					"$(inherited)",
				);
				GCC_WARN_64_TO_32_BIT_CONVERSION = YES;
				GCC_WARN_ABOUT_RETURN_TYPE = YES_ERROR;
				GCC_WARN_UNDECLARED_SELECTOR = YES;
				GCC_WARN_UNINITIALIZED_AUTOS = YES_AGGRESSIVE;
				GCC_WARN_UNUSED_FUNCTION = YES;
				GCC_WARN_UNUSED_VARIABLE = YES;
				IPHONEOS_DEPLOYMENT_TARGET = 16.0;
				MTL_ENABLE_DEBUG_INFO = INCLUDE_SOURCE;
				MTL_FAST_MATH = YES;
				ONLY_ACTIVE_ARCH = YES;
				SDKROOT = iphoneos;
				SWIFT_ACTIVE_COMPILATION_CONDITIONS = DEBUG;
				SWIFT_OPTIMIZATION_LEVEL = "-Onone";
			};
			name = Debug;
		};
		2DBB8416291D3F000062018C /* Release */ = {
			isa = XCBuildConfiguration;
			buildSettings = {
				ALWAYS_SEARCH_USER_PATHS = NO;
				CLANG_ANALYZER_NONNULL = YES;
				CLANG_ANALYZER_NUMBER_OBJECT_CONVERSION = YES_AGGRESSIVE;
				CLANG_CXX_LANGUAGE_STANDARD = "gnu++20";
				CLANG_ENABLE_MODULES = YES;
				CLANG_ENABLE_OBJC_ARC = YES;
				CLANG_ENABLE_OBJC_WEAK = YES;
				CLANG_WARN_BLOCK_CAPTURE_AUTORELEASING = YES;
				CLANG_WARN_BOOL_CONVERSION = YES;
				CLANG_WARN_COMMA = YES;
				CLANG_WARN_CONSTANT_CONVERSION = YES;
				CLANG_WARN_DEPRECATED_OBJC_IMPLEMENTATIONS = YES;
				CLANG_WARN_DIRECT_OBJC_ISA_USAGE = YES_ERROR;
				CLANG_WARN_DOCUMENTATION_COMMENTS = YES;
				CLANG_WARN_EMPTY_BODY = YES;
				CLANG_WARN_ENUM_CONVERSION = YES;
				CLANG_WARN_INFINITE_RECURSION = YES;
				CLANG_WARN_INT_CONVERSION = YES;
				CLANG_WARN_NON_LITERAL_NULL_CONVERSION = YES;
				CLANG_WARN_OBJC_IMPLICIT_RETAIN_SELF = YES;
				CLANG_WARN_OBJC_LITERAL_CONVERSION = YES;
				CLANG_WARN_OBJC_ROOT_CLASS = YES_ERROR;
				CLANG_WARN_QUOTED_INCLUDE_IN_FRAMEWORK_HEADER = YES;
				CLANG_WARN_RANGE_LOOP_ANALYSIS = YES;
				CLANG_WARN_STRICT_PROTOTYPES = YES;
				CLANG_WARN_SUSPICIOUS_MOVE = YES;
				CLANG_WARN_UNGUARDED_AVAILABILITY = YES_AGGRESSIVE;
				CLANG_WARN_UNREACHABLE_CODE = YES;
				CLANG_WARN__DUPLICATE_METHOD_MATCH = YES;
				COPY_PHASE_STRIP = NO;
				DEBUG_INFORMATION_FORMAT = "dwarf-with-dsym";
				ENABLE_NS_ASSERTIONS = NO;
				ENABLE_STRICT_OBJC_MSGSEND = YES;
				GCC_C_LANGUAGE_STANDARD = gnu11;
				GCC_NO_COMMON_BLOCKS = YES;
				GCC_WARN_64_TO_32_BIT_CONVERSION = YES;
				GCC_WARN_ABOUT_RETURN_TYPE = YES_ERROR;
				GCC_WARN_UNDECLARED_SELECTOR = YES;
				GCC_WARN_UNINITIALIZED_AUTOS = YES_AGGRESSIVE;
				GCC_WARN_UNUSED_FUNCTION = YES;
				GCC_WARN_UNUSED_VARIABLE = YES;
				IPHONEOS_DEPLOYMENT_TARGET = 16.0;
				MTL_ENABLE_DEBUG_INFO = NO;
				MTL_FAST_MATH = YES;
				SDKROOT = iphoneos;
				SWIFT_COMPILATION_MODE = wholemodule;
				SWIFT_OPTIMIZATION_LEVEL = "-O";
				VALIDATE_PRODUCT = YES;
			};
			name = Release;
		};
		2DBB8418291D3F000062018C /* Debug */ = {
			isa = XCBuildConfiguration;
			buildSettings = {
				ASSETCATALOG_COMPILER_APPICON_NAME = AppIcon;
				ASSETCATALOG_COMPILER_GLOBAL_ACCENT_COLOR_NAME = AccentColor;
				CODE_SIGN_STYLE = Automatic;
				CURRENT_PROJECT_VERSION = 1;
				DEVELOPMENT_TEAM = LD5G7T4489;
				GENERATE_INFOPLIST_FILE = YES;
				INFOPLIST_FILE = PokemonApp/Info.plist;
				INFOPLIST_KEY_UIApplicationSupportsIndirectInputEvents = YES;
				INFOPLIST_KEY_UILaunchStoryboardName = LaunchScreen;
				INFOPLIST_KEY_UIMainStoryboardFile = Main;
				INFOPLIST_KEY_UISupportedInterfaceOrientations_iPad = "UIInterfaceOrientationPortrait UIInterfaceOrientationPortraitUpsideDown UIInterfaceOrientationLandscapeLeft UIInterfaceOrientationLandscapeRight";
				INFOPLIST_KEY_UISupportedInterfaceOrientations_iPhone = "UIInterfaceOrientationPortrait UIInterfaceOrientationLandscapeLeft UIInterfaceOrientationLandscapeRight";
				LD_RUNPATH_SEARCH_PATHS = (
					"$(inherited)",
					"@executable_path/Frameworks",
				);
				MARKETING_VERSION = 1.0;
				PRODUCT_BUNDLE_IDENTIFIER = HugoRegadas.PokemonApp;
				PRODUCT_NAME = "$(TARGET_NAME)";
				SUPPORTED_PLATFORMS = "iphoneos iphonesimulator";
				SUPPORTS_MACCATALYST = NO;
				SUPPORTS_MAC_DESIGNED_FOR_IPHONE_IPAD = NO;
				SWIFT_EMIT_LOC_STRINGS = YES;
				SWIFT_VERSION = 5.0;
				TARGETED_DEVICE_FAMILY = 1;
			};
			name = Debug;
		};
		2DBB8419291D3F000062018C /* Release */ = {
			isa = XCBuildConfiguration;
			buildSettings = {
				ASSETCATALOG_COMPILER_APPICON_NAME = AppIcon;
				ASSETCATALOG_COMPILER_GLOBAL_ACCENT_COLOR_NAME = AccentColor;
				CODE_SIGN_STYLE = Automatic;
				CURRENT_PROJECT_VERSION = 1;
				DEVELOPMENT_TEAM = LD5G7T4489;
				GENERATE_INFOPLIST_FILE = YES;
				INFOPLIST_FILE = PokemonApp/Info.plist;
				INFOPLIST_KEY_UIApplicationSupportsIndirectInputEvents = YES;
				INFOPLIST_KEY_UILaunchStoryboardName = LaunchScreen;
				INFOPLIST_KEY_UIMainStoryboardFile = Main;
				INFOPLIST_KEY_UISupportedInterfaceOrientations_iPad = "UIInterfaceOrientationPortrait UIInterfaceOrientationPortraitUpsideDown UIInterfaceOrientationLandscapeLeft UIInterfaceOrientationLandscapeRight";
				INFOPLIST_KEY_UISupportedInterfaceOrientations_iPhone = "UIInterfaceOrientationPortrait UIInterfaceOrientationLandscapeLeft UIInterfaceOrientationLandscapeRight";
				LD_RUNPATH_SEARCH_PATHS = (
					"$(inherited)",
					"@executable_path/Frameworks",
				);
				MARKETING_VERSION = 1.0;
				PRODUCT_BUNDLE_IDENTIFIER = HugoRegadas.PokemonApp;
				PRODUCT_NAME = "$(TARGET_NAME)";
				SUPPORTED_PLATFORMS = "iphoneos iphonesimulator";
				SUPPORTS_MACCATALYST = NO;
				SUPPORTS_MAC_DESIGNED_FOR_IPHONE_IPAD = NO;
				SWIFT_EMIT_LOC_STRINGS = YES;
				SWIFT_VERSION = 5.0;
				TARGETED_DEVICE_FAMILY = 1;
			};
			name = Release;
		};
		2DBB841B291D3F000062018C /* Debug */ = {
			isa = XCBuildConfiguration;
			buildSettings = {
				ALWAYS_EMBED_SWIFT_STANDARD_LIBRARIES = YES;
				BUNDLE_LOADER = "$(TEST_HOST)";
				CODE_SIGN_STYLE = Automatic;
				CURRENT_PROJECT_VERSION = 1;
				DEVELOPMENT_TEAM = LD5G7T4489;
				GENERATE_INFOPLIST_FILE = YES;
				IPHONEOS_DEPLOYMENT_TARGET = 16.0;
				MARKETING_VERSION = 1.0;
				PRODUCT_BUNDLE_IDENTIFIER = HugoRegadas.PokemonAppTests;
				PRODUCT_NAME = "$(TARGET_NAME)";
				SWIFT_EMIT_LOC_STRINGS = NO;
				SWIFT_VERSION = 5.0;
				TARGETED_DEVICE_FAMILY = "1,2";
				TEST_HOST = "$(BUILT_PRODUCTS_DIR)/PokemonApp.app/$(BUNDLE_EXECUTABLE_FOLDER_PATH)/PokemonApp";
			};
			name = Debug;
		};
		2DBB841C291D3F000062018C /* Release */ = {
			isa = XCBuildConfiguration;
			buildSettings = {
				ALWAYS_EMBED_SWIFT_STANDARD_LIBRARIES = YES;
				BUNDLE_LOADER = "$(TEST_HOST)";
				CODE_SIGN_STYLE = Automatic;
				CURRENT_PROJECT_VERSION = 1;
				DEVELOPMENT_TEAM = LD5G7T4489;
				GENERATE_INFOPLIST_FILE = YES;
				IPHONEOS_DEPLOYMENT_TARGET = 16.0;
				MARKETING_VERSION = 1.0;
				PRODUCT_BUNDLE_IDENTIFIER = HugoRegadas.PokemonAppTests;
				PRODUCT_NAME = "$(TARGET_NAME)";
				SWIFT_EMIT_LOC_STRINGS = NO;
				SWIFT_VERSION = 5.0;
				TARGETED_DEVICE_FAMILY = "1,2";
				TEST_HOST = "$(BUILT_PRODUCTS_DIR)/PokemonApp.app/$(BUNDLE_EXECUTABLE_FOLDER_PATH)/PokemonApp";
			};
			name = Release;
		};
		2DBB841E291D3F000062018C /* Debug */ = {
			isa = XCBuildConfiguration;
			buildSettings = {
				ALWAYS_EMBED_SWIFT_STANDARD_LIBRARIES = YES;
				CODE_SIGN_STYLE = Automatic;
				CURRENT_PROJECT_VERSION = 1;
				DEVELOPMENT_TEAM = LD5G7T4489;
				GENERATE_INFOPLIST_FILE = YES;
				MARKETING_VERSION = 1.0;
				PRODUCT_BUNDLE_IDENTIFIER = HugoRegadas.PokemonAppUITests;
				PRODUCT_NAME = "$(TARGET_NAME)";
				SWIFT_EMIT_LOC_STRINGS = NO;
				SWIFT_VERSION = 5.0;
				TARGETED_DEVICE_FAMILY = "1,2";
				TEST_TARGET_NAME = PokemonApp;
			};
			name = Debug;
		};
		2DBB841F291D3F000062018C /* Release */ = {
			isa = XCBuildConfiguration;
			buildSettings = {
				ALWAYS_EMBED_SWIFT_STANDARD_LIBRARIES = YES;
				CODE_SIGN_STYLE = Automatic;
				CURRENT_PROJECT_VERSION = 1;
				DEVELOPMENT_TEAM = LD5G7T4489;
				GENERATE_INFOPLIST_FILE = YES;
				MARKETING_VERSION = 1.0;
				PRODUCT_BUNDLE_IDENTIFIER = HugoRegadas.PokemonAppUITests;
				PRODUCT_NAME = "$(TARGET_NAME)";
				SWIFT_EMIT_LOC_STRINGS = NO;
				SWIFT_VERSION = 5.0;
				TARGETED_DEVICE_FAMILY = "1,2";
				TEST_TARGET_NAME = PokemonApp;
			};
			name = Release;
		};
/* End XCBuildConfiguration section */

/* Begin XCConfigurationList section */
		2DBB83E8291D3EFE0062018C /* Build configuration list for PBXProject "PokemonApp" */ = {
			isa = XCConfigurationList;
			buildConfigurations = (
				2DBB8415291D3F000062018C /* Debug */,
				2DBB8416291D3F000062018C /* Release */,
			);
			defaultConfigurationIsVisible = 0;
			defaultConfigurationName = Release;
		};
		2DBB8417291D3F000062018C /* Build configuration list for PBXNativeTarget "PokemonApp" */ = {
			isa = XCConfigurationList;
			buildConfigurations = (
				2DBB8418291D3F000062018C /* Debug */,
				2DBB8419291D3F000062018C /* Release */,
			);
			defaultConfigurationIsVisible = 0;
			defaultConfigurationName = Release;
		};
		2DBB841A291D3F000062018C /* Build configuration list for PBXNativeTarget "PokemonAppTests" */ = {
			isa = XCConfigurationList;
			buildConfigurations = (
				2DBB841B291D3F000062018C /* Debug */,
				2DBB841C291D3F000062018C /* Release */,
			);
			defaultConfigurationIsVisible = 0;
			defaultConfigurationName = Release;
		};
		2DBB841D291D3F000062018C /* Build configuration list for PBXNativeTarget "PokemonAppUITests" */ = {
			isa = XCConfigurationList;
			buildConfigurations = (
				2DBB841E291D3F000062018C /* Debug */,
				2DBB841F291D3F000062018C /* Release */,
			);
			defaultConfigurationIsVisible = 0;
			defaultConfigurationName = Release;
		};
/* End XCConfigurationList section */
	};
	rootObject = 2DBB83E5291D3EFE0062018C /* Project object */;
}
